
Microsoft Visual Studio Solution File, Format Version 12.00
# Visual Studio Version 16
VisualStudioVersion = 16.0.29613.14
MinimumVisualStudioVersion = 10.0.40219.1
Project("{FAE04EC0-301F-11D3-BF4B-00C04F79EFBC}") = "LongestWordLibrary", "LongestWordLibrary.csproj", "{A740D751-E270-4FED-8399-699114ECCA20}"
EndProject
Project("{FAE04EC0-301F-11D3-BF4B-00C04F79EFBC}") = "LongestWordLibraryTests", "LongestWordLibraryTests\LongestWordLibraryTests.csproj", "{6D7F2A0D-AC8B-4841-AE97-41322A2041F5}"
EndProject
Global
	GlobalSection(SolutionConfigurationPlatforms) = preSolution
		Debug|Any CPU = Debug|Any CPU
		Release|Any CPU = Release|Any CPU
	EndGlobalSection
	GlobalSection(ProjectConfigurationPlatforms) = postSolution
		{A740D751-E270-4FED-8399-699114ECCA20}.Debug|Any CPU.ActiveCfg = Debug|Any CPU
		{A740D751-E270-4FED-8399-699114ECCA20}.Debug|Any CPU.Build.0 = Debug|Any CPU
		{A740D751-E270-4FED-8399-699114ECCA20}.Release|Any CPU.ActiveCfg = Release|Any CPU
		{A740D751-E270-4FED-8399-699114ECCA20}.Release|Any CPU.Build.0 = Release|Any CPU
		{6D7F2A0D-AC8B-4841-AE97-41322A2041F5}.Debug|Any CPU.ActiveCfg = Debug|Any CPU
		{6D7F2A0D-AC8B-4841-AE97-41322A2041F5}.Debug|Any CPU.Build.0 = Debug|Any CPU
		{6D7F2A0D-AC8B-4841-AE97-41322A2041F5}.Release|Any CPU.ActiveCfg = Release|Any CPU
		{6D7F2A0D-AC8B-4841-AE97-41322A2041F5}.Release|Any CPU.Build.0 = Release|Any CPU
	EndGlobalSection
	GlobalSection(SolutionProperties) = preSolution
		HideSolutionNode = FALSE
	EndGlobalSection
	GlobalSection(ExtensibilityGlobals) = postSolution
		SolutionGuid = {E2CCB18D-2AAA-491E-B51D-9E6BA108F676}
	EndGlobalSection
EndGlobal
